
Microsoft Visual Studio Solution File, Format Version 12.00
# Visual Studio Version 16
VisualStudioVersion = 16.0.29411.108
MinimumVisualStudioVersion = 10.0.40219.1
Project("{9A19103F-16F7-4668-BE54-9A1E7A4F7556}") = "TestProject", "TestProject\TestProject.csproj", "{ECAC17C4-8FAF-4623-BE2C-ACAE1FECFA92}"
EndProject
Project("{FAE04EC0-301F-11D3-BF4B-00C04F79EFBC}") = "UnitTestProject1", "UnitTestProject1\UnitTestProject1.csproj", "{3C7FA0FD-1EFA-4394-B0B2-F975C20E45E8}"
EndProject
Global
	GlobalSection(SolutionConfigurationPlatforms) = preSolution
		Debug|Any CPU = Debug|Any CPU
		Release|Any CPU = Release|Any CPU
	EndGlobalSection
	GlobalSection(ProjectConfigurationPlatforms) = postSolution
		{ECAC17C4-8FAF-4623-BE2C-ACAE1FECFA92}.Debug|Any CPU.ActiveCfg = Debug|Any CPU
		{ECAC17C4-8FAF-4623-BE2C-ACAE1FECFA92}.Debug|Any CPU.Build.0 = Debug|Any CPU
		{ECAC17C4-8FAF-4623-BE2C-ACAE1FECFA92}.Release|Any CPU.ActiveCfg = Release|Any CPU
		{ECAC17C4-8FAF-4623-BE2C-ACAE1FECFA92}.Release|Any CPU.Build.0 = Release|Any CPU
		{3C7FA0FD-1EFA-4394-B0B2-F975C20E45E8}.Debug|Any CPU.ActiveCfg = Debug|Any CPU
		{3C7FA0FD-1EFA-4394-B0B2-F975C20E45E8}.Debug|Any CPU.Build.0 = Debug|Any CPU
		{3C7FA0FD-1EFA-4394-B0B2-F975C20E45E8}.Release|Any CPU.ActiveCfg = Release|Any CPU
		{3C7FA0FD-1EFA-4394-B0B2-F975C20E45E8}.Release|Any CPU.Build.0 = Release|Any CPU
	EndGlobalSection
	GlobalSection(SolutionProperties) = preSolution
		HideSolutionNode = FALSE
	EndGlobalSection
	GlobalSection(ExtensibilityGlobals) = postSolution
		SolutionGuid = {179D3D26-B39A-4CAE-A90B-E8AD4AD74C96}
	EndGlobalSection
EndGlobal
